
Microsoft Visual Studio Solution File, Format Version 12.00
# Visual Studio Version 17
VisualStudioVersion = 17.2.32630.192
MinimumVisualStudioVersion = 10.0.40219.1
Project("{FAE04EC0-301F-11D3-BF4B-00C04F79EFBC}") = "POCTestingApp", "POCTestingApp\POCTestingApp.csproj", "{4EF718C5-7C1D-49FB-A5D1-F0384D1D1B6F}"
EndProject
Global
	GlobalSection(SolutionConfigurationPlatforms) = preSolution
		Debug|Any CPU = Debug|Any CPU
		Release|Any CPU = Release|Any CPU
	EndGlobalSection
	GlobalSection(ProjectConfigurationPlatforms) = postSolution
		{4EF718C5-7C1D-49FB-A5D1-F0384D1D1B6F}.Debug|Any CPU.ActiveCfg = Debug|Any CPU
		{4EF718C5-7C1D-49FB-A5D1-F0384D1D1B6F}.Debug|Any CPU.Build.0 = Debug|Any CPU
		{4EF718C5-7C1D-49FB-A5D1-F0384D1D1B6F}.Release|Any CPU.ActiveCfg = Release|Any CPU
		{4EF718C5-7C1D-49FB-A5D1-F0384D1D1B6F}.Release|Any CPU.Build.0 = Release|Any CPU
	EndGlobalSection
	GlobalSection(SolutionProperties) = preSolution
		HideSolutionNode = FALSE
	EndGlobalSection
	GlobalSection(ExtensibilityGlobals) = postSolution
		SolutionGuid = {8A604616-2BF6-4D2D-9597-16E7B4EBE8DF}
	EndGlobalSection
EndGlobal
