
Microsoft Visual Studio Solution File, Format Version 12.00
# Visual Studio Version 17
VisualStudioVersion = 17.10.35004.147
MinimumVisualStudioVersion = 10.0.40219.1
Project("{9A19103F-16F7-4668-BE54-9A1E7A4F7556}") = "CommandService", "CommandService\CommandService.csproj", "{856B7B44-EEDF-48AB-8584-FB69801FE219}"
EndProject
Project("{9A19103F-16F7-4668-BE54-9A1E7A4F7556}") = "QueryService", "QueryService\QueryService.csproj", "{493F66E4-3E1E-4ECF-86AC-77CECDDC6BA5}"
EndProject
Project("{FAE04EC0-301F-11D3-BF4B-00C04F79EFBC}") = "CQRSDemo", "CQRSDemo\CQRSDemo.csproj", "{E60D5C19-8448-4F43-9A99-6709769EC2A4}"
EndProject
Global
	GlobalSection(SolutionConfigurationPlatforms) = preSolution
		Debug|Any CPU = Debug|Any CPU
		Release|Any CPU = Release|Any CPU
	EndGlobalSection
	GlobalSection(ProjectConfigurationPlatforms) = postSolution
		{856B7B44-EEDF-48AB-8584-FB69801FE219}.Debug|Any CPU.ActiveCfg = Debug|Any CPU
		{856B7B44-EEDF-48AB-8584-FB69801FE219}.Debug|Any CPU.Build.0 = Debug|Any CPU
		{856B7B44-EEDF-48AB-8584-FB69801FE219}.Release|Any CPU.ActiveCfg = Release|Any CPU
		{856B7B44-EEDF-48AB-8584-FB69801FE219}.Release|Any CPU.Build.0 = Release|Any CPU
		{493F66E4-3E1E-4ECF-86AC-77CECDDC6BA5}.Debug|Any CPU.ActiveCfg = Debug|Any CPU
		{493F66E4-3E1E-4ECF-86AC-77CECDDC6BA5}.Debug|Any CPU.Build.0 = Debug|Any CPU
		{493F66E4-3E1E-4ECF-86AC-77CECDDC6BA5}.Release|Any CPU.ActiveCfg = Release|Any CPU
		{493F66E4-3E1E-4ECF-86AC-77CECDDC6BA5}.Release|Any CPU.Build.0 = Release|Any CPU
		{E60D5C19-8448-4F43-9A99-6709769EC2A4}.Debug|Any CPU.ActiveCfg = Debug|Any CPU
		{E60D5C19-8448-4F43-9A99-6709769EC2A4}.Debug|Any CPU.Build.0 = Debug|Any CPU
		{E60D5C19-8448-4F43-9A99-6709769EC2A4}.Release|Any CPU.ActiveCfg = Release|Any CPU
		{E60D5C19-8448-4F43-9A99-6709769EC2A4}.Release|Any CPU.Build.0 = Release|Any CPU
	EndGlobalSection
	GlobalSection(SolutionProperties) = preSolution
		HideSolutionNode = FALSE
	EndGlobalSection
	GlobalSection(ExtensibilityGlobals) = postSolution
		SolutionGuid = {6B96045A-2A21-47A4-8F0F-72F9B77CC558}
	EndGlobalSection
EndGlobal
